// !$*UTF8*$!
{
	archiveVersion = 1;
	classes = {
	};
	objectVersion = 50;
	objects = {

/* Begin PBXBuildFile section */
		ECAFBB8224A4A79D005BF8C8 /* Tests_iOS.swift in Sources */ = {isa = PBXBuildFile; fileRef = ECAFBB8124A4A79D005BF8C8 /* Tests_iOS.swift */; };
		ECAFBB8D24A4A79D005BF8C8 /* Tests_macOS.swift in Sources */ = {isa = PBXBuildFile; fileRef = ECAFBB8C24A4A79D005BF8C8 /* Tests_macOS.swift */; };
		ECAFBB8F24A4A79D005BF8C8 /* MultipApp.swift in Sources */ = {isa = PBXBuildFile; fileRef = ECAFBB6624A4A79B005BF8C8 /* MultipApp.swift */; };
		ECAFBB9024A4A79D005BF8C8 /* MultipApp.swift in Sources */ = {isa = PBXBuildFile; fileRef = ECAFBB6624A4A79B005BF8C8 /* MultipApp.swift */; };
		ECAFBB9124A4A79D005BF8C8 /* ContentView.swift in Sources */ = {isa = PBXBuildFile; fileRef = ECAFBB6724A4A79B005BF8C8 /* ContentView.swift */; };
		ECAFBB9224A4A79D005BF8C8 /* ContentView.swift in Sources */ = {isa = PBXBuildFile; fileRef = ECAFBB6724A4A79B005BF8C8 /* ContentView.swift */; };
		ECAFBB9324A4A79D005BF8C8 /* Assets.xcassets in Resources */ = {isa = PBXBuildFile; fileRef = ECAFBB6824A4A79D005BF8C8 /* Assets.xcassets */; };
		ECAFBB9424A4A79D005BF8C8 /* Assets.xcassets in Resources */ = {isa = PBXBuildFile; fileRef = ECAFBB6824A4A79D005BF8C8 /* Assets.xcassets */; };
/* End PBXBuildFile section */

/* Begin PBXContainerItemProxy section */
		ECAFBB7E24A4A79D005BF8C8 /* PBXContainerItemProxy */ = {
			isa = PBXContainerItemProxy;
			containerPortal = ECAFBB6124A4A79B005BF8C8 /* Project object */;
			proxyType = 1;
			remoteGlobalIDString = ECAFBB6C24A4A79D005BF8C8;
			remoteInfo = iOS;
		};
		ECAFBB8924A4A79D005BF8C8 /* PBXContainerItemProxy */ = {
			isa = PBXContainerItemProxy;
			containerPortal = ECAFBB6124A4A79B005BF8C8 /* Project object */;
			proxyType = 1;
			remoteGlobalIDString = ECAFBB7424A4A79D005BF8C8;
			remoteInfo = macOS;
		};
/* End PBXContainerItemProxy section */

/* Begin PBXFileReference section */
		ECAFBB6624A4A79B005BF8C8 /* MultipApp.swift */ = {isa = PBXFileReference; lastKnownFileType = sourcecode.swift; path = MultipApp.swift; sourceTree = "<group>"; };
		ECAFBB6724A4A79B005BF8C8 /* ContentView.swift */ = {isa = PBXFileReference; lastKnownFileType = sourcecode.swift; path = ContentView.swift; sourceTree = "<group>"; };
		ECAFBB6824A4A79D005BF8C8 /* Assets.xcassets */ = {isa = PBXFileReference; lastKnownFileType = folder.assetcatalog; path = Assets.xcassets; sourceTree = "<group>"; };
		ECAFBB6D24A4A79D005BF8C8 /* SplitRegularTabCompact.app */ = {isa = PBXFileReference; explicitFileType = wrapper.application; includeInIndex = 0; path = SplitRegularTabCompact.app; sourceTree = BUILT_PRODUCTS_DIR; };
		ECAFBB7024A4A79D005BF8C8 /* Info.plist */ = {isa = PBXFileReference; lastKnownFileType = text.plist.xml; path = Info.plist; sourceTree = "<group>"; };
		ECAFBB7524A4A79D005BF8C8 /* SplitRegularTabCompact.app */ = {isa = PBXFileReference; explicitFileType = wrapper.application; includeInIndex = 0; path = SplitRegularTabCompact.app; sourceTree = BUILT_PRODUCTS_DIR; };
		ECAFBB7724A4A79D005BF8C8 /* Info.plist */ = {isa = PBXFileReference; lastKnownFileType = text.plist.xml; path = Info.plist; sourceTree = "<group>"; };
		ECAFBB7824A4A79D005BF8C8 /* macOS.entitlements */ = {isa = PBXFileReference; lastKnownFileType = text.plist.entitlements; path = macOS.entitlements; sourceTree = "<group>"; };
		ECAFBB7D24A4A79D005BF8C8 /* Tests iOS.xctest */ = {isa = PBXFileReference; explicitFileType = wrapper.cfbundle; includeInIndex = 0; path = "Tests iOS.xctest"; sourceTree = BUILT_PRODUCTS_DIR; };
		ECAFBB8124A4A79D005BF8C8 /* Tests_iOS.swift */ = {isa = PBXFileReference; lastKnownFileType = sourcecode.swift; path = Tests_iOS.swift; sourceTree = "<group>"; };
		ECAFBB8324A4A79D005BF8C8 /* Info.plist */ = {isa = PBXFileReference; lastKnownFileType = text.plist.xml; path = Info.plist; sourceTree = "<group>"; };
		ECAFBB8824A4A79D005BF8C8 /* Tests macOS.xctest */ = {isa = PBXFileReference; explicitFileType = wrapper.cfbundle; includeInIndex = 0; path = "Tests macOS.xctest"; sourceTree = BUILT_PRODUCTS_DIR; };
		ECAFBB8C24A4A79D005BF8C8 /* Tests_macOS.swift */ = {isa = PBXFileReference; lastKnownFileType = sourcecode.swift; path = Tests_macOS.swift; sourceTree = "<group>"; };
		ECAFBB8E24A4A79D005BF8C8 /* Info.plist */ = {isa = PBXFileReference; lastKnownFileType = text.plist.xml; path = Info.plist; sourceTree = "<group>"; };
/* End PBXFileReference section */

/* Begin PBXFrameworksBuildPhase section */
		ECAFBB6A24A4A79D005BF8C8 /* Frameworks */ = {
			isa = PBXFrameworksBuildPhase;
			buildActionMask = 2147483647;
			files = (
			);
			runOnlyForDeploymentPostprocessing = 0;
		};
		ECAFBB7224A4A79D005BF8C8 /* Frameworks */ = {
			isa = PBXFrameworksBuildPhase;
			buildActionMask = 2147483647;
			files = (
			);
			runOnlyForDeploymentPostprocessing = 0;
		};
		ECAFBB7A24A4A79D005BF8C8 /* Frameworks */ = {
			isa = PBXFrameworksBuildPhase;
			buildActionMask = 2147483647;
			files = (
			);
			runOnlyForDeploymentPostprocessing = 0;
		};
		ECAFBB8524A4A79D005BF8C8 /* Frameworks */ = {
			isa = PBXFrameworksBuildPhase;
			buildActionMask = 2147483647;
			files = (
			);
			runOnlyForDeploymentPostprocessing = 0;
		};
/* End PBXFrameworksBuildPhase section */

/* Begin PBXGroup section */
		ECAFBB6024A4A79B005BF8C8 = {
			isa = PBXGroup;
			children = (
				ECAFBB6524A4A79B005BF8C8 /* Shared */,
				ECAFBB6F24A4A79D005BF8C8 /* iOS */,
				ECAFBB7624A4A79D005BF8C8 /* macOS */,
				ECAFBB8024A4A79D005BF8C8 /* Tests iOS */,
				ECAFBB8B24A4A79D005BF8C8 /* Tests macOS */,
				ECAFBB6E24A4A79D005BF8C8 /* Products */,
			);
			sourceTree = "<group>";
		};
		ECAFBB6524A4A79B005BF8C8 /* Shared */ = {
			isa = PBXGroup;
			children = (
				ECAFBB6624A4A79B005BF8C8 /* MultipApp.swift */,
				ECAFBB6724A4A79B005BF8C8 /* ContentView.swift */,
				ECAFBB6824A4A79D005BF8C8 /* Assets.xcassets */,
			);
			path = Shared;
			sourceTree = "<group>";
		};
		ECAFBB6E24A4A79D005BF8C8 /* Products */ = {
			isa = PBXGroup;
			children = (
				ECAFBB6D24A4A79D005BF8C8 /* SplitRegularTabCompact.app */,
				ECAFBB7524A4A79D005BF8C8 /* SplitRegularTabCompact.app */,
				ECAFBB7D24A4A79D005BF8C8 /* Tests iOS.xctest */,
				ECAFBB8824A4A79D005BF8C8 /* Tests macOS.xctest */,
			);
			name = Products;
			sourceTree = "<group>";
		};
		ECAFBB6F24A4A79D005BF8C8 /* iOS */ = {
			isa = PBXGroup;
			children = (
				ECAFBB7024A4A79D005BF8C8 /* Info.plist */,
			);
			path = iOS;
			sourceTree = "<group>";
		};
		ECAFBB7624A4A79D005BF8C8 /* macOS */ = {
			isa = PBXGroup;
			children = (
				ECAFBB7724A4A79D005BF8C8 /* Info.plist */,
				ECAFBB7824A4A79D005BF8C8 /* macOS.entitlements */,
			);
			path = macOS;
			sourceTree = "<group>";
		};
		ECAFBB8024A4A79D005BF8C8 /* Tests iOS */ = {
			isa = PBXGroup;
			children = (
				ECAFBB8124A4A79D005BF8C8 /* Tests_iOS.swift */,
				ECAFBB8324A4A79D005BF8C8 /* Info.plist */,
			);
			path = "Tests iOS";
			sourceTree = "<group>";
		};
		ECAFBB8B24A4A79D005BF8C8 /* Tests macOS */ = {
			isa = PBXGroup;
			children = (
				ECAFBB8C24A4A79D005BF8C8 /* Tests_macOS.swift */,
				ECAFBB8E24A4A79D005BF8C8 /* Info.plist */,
			);
			path = "Tests macOS";
			sourceTree = "<group>";
		};
/* End PBXGroup section */

/* Begin PBXNativeTarget section */
		ECAFBB6C24A4A79D005BF8C8 /* iOS */ = {
			isa = PBXNativeTarget;
			buildConfigurationList = ECAFBB9724A4A79D005BF8C8 /* Build configuration list for PBXNativeTarget "iOS" */;
			buildPhases = (
				ECAFBB6924A4A79D005BF8C8 /* Sources */,
				ECAFBB6A24A4A79D005BF8C8 /* Frameworks */,
				ECAFBB6B24A4A79D005BF8C8 /* Resources */,
			);
			buildRules = (
			);
			dependencies = (
			);
			name = iOS;
			productName = iOS;
			productReference = ECAFBB6D24A4A79D005BF8C8 /* SplitRegularTabCompact.app */;
			productType = "com.apple.product-type.application";
		};
		ECAFBB7424A4A79D005BF8C8 /* macOS */ = {
			isa = PBXNativeTarget;
			buildConfigurationList = ECAFBB9A24A4A79D005BF8C8 /* Build configuration list for PBXNativeTarget "macOS" */;
			buildPhases = (
				ECAFBB7124A4A79D005BF8C8 /* Sources */,
				ECAFBB7224A4A79D005BF8C8 /* Frameworks */,
				ECAFBB7324A4A79D005BF8C8 /* Resources */,
			);
			buildRules = (
			);
			dependencies = (
			);
			name = macOS;
			productName = macOS;
			productReference = ECAFBB7524A4A79D005BF8C8 /* SplitRegularTabCompact.app */;
			productType = "com.apple.product-type.application";
		};
		ECAFBB7C24A4A79D005BF8C8 /* Tests iOS */ = {
			isa = PBXNativeTarget;
			buildConfigurationList = ECAFBB9D24A4A79D005BF8C8 /* Build configuration list for PBXNativeTarget "Tests iOS" */;
			buildPhases = (
				ECAFBB7924A4A79D005BF8C8 /* Sources */,
				ECAFBB7A24A4A79D005BF8C8 /* Frameworks */,
				ECAFBB7B24A4A79D005BF8C8 /* Resources */,
			);
			buildRules = (
			);
			dependencies = (
				ECAFBB7F24A4A79D005BF8C8 /* PBXTargetDependency */,
			);
			name = "Tests iOS";
			productName = "Tests iOS";
			productReference = ECAFBB7D24A4A79D005BF8C8 /* Tests iOS.xctest */;
			productType = "com.apple.product-type.bundle.ui-testing";
		};
		ECAFBB8724A4A79D005BF8C8 /* Tests macOS */ = {
			isa = PBXNativeTarget;
			buildConfigurationList = ECAFBBA024A4A79D005BF8C8 /* Build configuration list for PBXNativeTarget "Tests macOS" */;
			buildPhases = (
				ECAFBB8424A4A79D005BF8C8 /* Sources */,
				ECAFBB8524A4A79D005BF8C8 /* Frameworks */,
				ECAFBB8624A4A79D005BF8C8 /* Resources */,
			);
			buildRules = (
			);
			dependencies = (
				ECAFBB8A24A4A79D005BF8C8 /* PBXTargetDependency */,
			);
			name = "Tests macOS";
			productName = "Tests macOS";
			productReference = ECAFBB8824A4A79D005BF8C8 /* Tests macOS.xctest */;
			productType = "com.apple.product-type.bundle.ui-testing";
		};
/* End PBXNativeTarget section */

/* Begin PBXProject section */
		ECAFBB6124A4A79B005BF8C8 /* Project object */ = {
			isa = PBXProject;
			attributes = {
				LastSwiftUpdateCheck = 1200;
				LastUpgradeCheck = 1200;
				TargetAttributes = {
					ECAFBB6C24A4A79D005BF8C8 = {
						CreatedOnToolsVersion = 12.0;
					};
					ECAFBB7424A4A79D005BF8C8 = {
						CreatedOnToolsVersion = 12.0;
					};
					ECAFBB7C24A4A79D005BF8C8 = {
						CreatedOnToolsVersion = 12.0;
						TestTargetID = ECAFBB6C24A4A79D005BF8C8;
					};
					ECAFBB8724A4A79D005BF8C8 = {
						CreatedOnToolsVersion = 12.0;
						TestTargetID = ECAFBB7424A4A79D005BF8C8;
					};
				};
			};
			buildConfigurationList = ECAFBB6424A4A79B005BF8C8 /* Build configuration list for PBXProject "SplitRegularTabCompact" */;
			compatibilityVersion = "Xcode 9.3";
			developmentRegion = en;
			hasScannedForEncodings = 0;
			knownRegions = (
				en,
				Base,
			);
			mainGroup = ECAFBB6024A4A79B005BF8C8;
			productRefGroup = ECAFBB6E24A4A79D005BF8C8 /* Products */;
			projectDirPath = "";
			projectRoot = "";
			targets = (
				ECAFBB6C24A4A79D005BF8C8 /* iOS */,
				ECAFBB7424A4A79D005BF8C8 /* macOS */,
				ECAFBB7C24A4A79D005BF8C8 /* Tests iOS */,
				ECAFBB8724A4A79D005BF8C8 /* Tests macOS */,
			);
		};
/* End PBXProject section */

/* Begin PBXResourcesBuildPhase section */
		ECAFBB6B24A4A79D005BF8C8 /* Resources */ = {
			isa = PBXResourcesBuildPhase;
			buildActionMask = 2147483647;
			files = (
				ECAFBB9324A4A79D005BF8C8 /* Assets.xcassets in Resources */,
			);
			runOnlyForDeploymentPostprocessing = 0;
		};
		ECAFBB7324A4A79D005BF8C8 /* Resources */ = {
			isa = PBXResourcesBuildPhase;
			buildActionMask = 2147483647;
			files = (
				ECAFBB9424A4A79D005BF8C8 /* Assets.xcassets in Resources */,
			);
			runOnlyForDeploymentPostprocessing = 0;
		};
		ECAFBB7B24A4A79D005BF8C8 /* Resources */ = {
			isa = PBXResourcesBuildPhase;
			buildActionMask = 2147483647;
			files = (
			);
			runOnlyForDeploymentPostprocessing = 0;
		};
		ECAFBB8624A4A79D005BF8C8 /* Resources */ = {
			isa = PBXResourcesBuildPhase;
			buildActionMask = 2147483647;
			files = (
			);
			runOnlyForDeploymentPostprocessing = 0;
		};
/* End PBXResourcesBuildPhase section */

/* Begin PBXSourcesBuildPhase section */
		ECAFBB6924A4A79D005BF8C8 /* Sources */ = {
			isa = PBXSourcesBuildPhase;
			buildActionMask = 2147483647;
			files = (
				ECAFBB9124A4A79D005BF8C8 /* ContentView.swift in Sources */,
				ECAFBB8F24A4A79D005BF8C8 /* MultipApp.swift in Sources */,
			);
			runOnlyForDeploymentPostprocessing = 0;
		};
		ECAFBB7124A4A79D005BF8C8 /* Sources */ = {
			isa = PBXSourcesBuildPhase;
			buildActionMask = 2147483647;
			files = (
				ECAFBB9224A4A79D005BF8C8 /* ContentView.swift in Sources */,
				ECAFBB9024A4A79D005BF8C8 /* MultipApp.swift in Sources */,
			);
			runOnlyForDeploymentPostprocessing = 0;
		};
		ECAFBB7924A4A79D005BF8C8 /* Sources */ = {
			isa = PBXSourcesBuildPhase;
			buildActionMask = 2147483647;
			files = (
				ECAFBB8224A4A79D005BF8C8 /* Tests_iOS.swift in Sources */,
			);
			runOnlyForDeploymentPostprocessing = 0;
		};
		ECAFBB8424A4A79D005BF8C8 /* Sources */ = {
			isa = PBXSourcesBuildPhase;
			buildActionMask = 2147483647;
			files = (
				ECAFBB8D24A4A79D005BF8C8 /* Tests_macOS.swift in Sources */,
			);
			runOnlyForDeploymentPostprocessing = 0;
		};
/* End PBXSourcesBuildPhase section */

/* Begin PBXTargetDependency section */
		ECAFBB7F24A4A79D005BF8C8 /* PBXTargetDependency */ = {
			isa = PBXTargetDependency;
			target = ECAFBB6C24A4A79D005BF8C8 /* iOS */;
			targetProxy = ECAFBB7E24A4A79D005BF8C8 /* PBXContainerItemProxy */;
		};
		ECAFBB8A24A4A79D005BF8C8 /* PBXTargetDependency */ = {
			isa = PBXTargetDependency;
			target = ECAFBB7424A4A79D005BF8C8 /* macOS */;
			targetProxy = ECAFBB8924A4A79D005BF8C8 /* PBXContainerItemProxy */;
		};
/* End PBXTargetDependency section */

/* Begin XCBuildConfiguration section */
		ECAFBB9524A4A79D005BF8C8 /* Debug */ = {
			isa = XCBuildConfiguration;
			buildSettings = {
				ALWAYS_SEARCH_USER_PATHS = NO;
				CLANG_ANALYZER_NONNULL = YES;
				CLANG_ANALYZER_NUMBER_OBJECT_CONVERSION = YES_AGGRESSIVE;
				CLANG_CXX_LANGUAGE_STANDARD = "gnu++14";
				CLANG_CXX_LIBRARY = "libc++";
				CLANG_ENABLE_MODULES = YES;
				CLANG_ENABLE_OBJC_ARC = YES;
				CLANG_ENABLE_OBJC_WEAK = YES;
				CLANG_WARN_BLOCK_CAPTURE_AUTORELEASING = YES;
				CLANG_WARN_BOOL_CONVERSION = YES;
				CLANG_WARN_COMMA = YES;
				CLANG_WARN_CONSTANT_CONVERSION = YES;
				CLANG_WARN_DEPRECATED_OBJC_IMPLEMENTATIONS = YES;
				CLANG_WARN_DIRECT_OBJC_ISA_USAGE = YES_ERROR;
				CLANG_WARN_DOCUMENTATION_COMMENTS = YES;
				CLANG_WARN_EMPTY_BODY = YES;
				CLANG_WARN_ENUM_CONVERSION = YES;
				CLANG_WARN_INFINITE_RECURSION = YES;
				CLANG_WARN_INT_CONVERSION = YES;
				CLANG_WARN_NON_LITERAL_NULL_CONVERSION = YES;
				CLANG_WARN_OBJC_IMPLICIT_RETAIN_SELF = YES;
				CLANG_WARN_OBJC_LITERAL_CONVERSION = YES;
				CLANG_WARN_OBJC_ROOT_CLASS = YES_ERROR;
				CLANG_WARN_QUOTED_INCLUDE_IN_FRAMEWORK_HEADER = YES;
				CLANG_WARN_RANGE_LOOP_ANALYSIS = YES;
				CLANG_WARN_STRICT_PROTOTYPES = YES;
				CLANG_WARN_SUSPICIOUS_MOVE = YES;
				CLANG_WARN_UNGUARDED_AVAILABILITY = YES_AGGRESSIVE;
				CLANG_WARN_UNREACHABLE_CODE = YES;
				CLANG_WARN__DUPLICATE_METHOD_MATCH = YES;
				COPY_PHASE_STRIP = NO;
				DEBUG_INFORMATION_FORMAT = dwarf;
				ENABLE_STRICT_OBJC_MSGSEND = YES;
				ENABLE_TESTABILITY = YES;
				GCC_C_LANGUAGE_STANDARD = gnu11;
				GCC_DYNAMIC_NO_PIC = NO;
				GCC_NO_COMMON_BLOCKS = YES;
				GCC_OPTIMIZATION_LEVEL = 0;
				GCC_PREPROCESSOR_DEFINITIONS = (
					"DEBUG=1",
					"$(inherited)",
				);
				GCC_WARN_64_TO_32_BIT_CONVERSION = YES;
				GCC_WARN_ABOUT_RETURN_TYPE = YES_ERROR;
				GCC_WARN_UNDECLARED_SELECTOR = YES;
				GCC_WARN_UNINITIALIZED_AUTOS = YES_AGGRESSIVE;
				GCC_WARN_UNUSED_FUNCTION = YES;
				GCC_WARN_UNUSED_VARIABLE = YES;
				MTL_ENABLE_DEBUG_INFO = INCLUDE_SOURCE;
				MTL_FAST_MATH = YES;
				ONLY_ACTIVE_ARCH = YES;
				SWIFT_ACTIVE_COMPILATION_CONDITIONS = DEBUG;
				SWIFT_OPTIMIZATION_LEVEL = "-Onone";
			};
			name = Debug;
		};
		ECAFBB9624A4A79D005BF8C8 /* Release */ = {
			isa = XCBuildConfiguration;
			buildSettings = {
				ALWAYS_SEARCH_USER_PATHS = NO;
				CLANG_ANALYZER_NONNULL = YES;
				CLANG_ANALYZER_NUMBER_OBJECT_CONVERSION = YES_AGGRESSIVE;
				CLANG_CXX_LANGUAGE_STANDARD = "gnu++14";
				CLANG_CXX_LIBRARY = "libc++";
				CLANG_ENABLE_MODULES = YES;
				CLANG_ENABLE_OBJC_ARC = YES;
				CLANG_ENABLE_OBJC_WEAK = YES;
				CLANG_WARN_BLOCK_CAPTURE_AUTORELEASING = YES;
				CLANG_WARN_BOOL_CONVERSION = YES;
				CLANG_WARN_COMMA = YES;
				CLANG_WARN_CONSTANT_CONVERSION = YES;
				CLANG_WARN_DEPRECATED_OBJC_IMPLEMENTATIONS = YES;
				CLANG_WARN_DIRECT_OBJC_ISA_USAGE = YES_ERROR;
				CLANG_WARN_DOCUMENTATION_COMMENTS = YES;
				CLANG_WARN_EMPTY_BODY = YES;
				CLANG_WARN_ENUM_CONVERSION = YES;
				CLANG_WARN_INFINITE_RECURSION = YES;
				CLANG_WARN_INT_CONVERSION = YES;
				CLANG_WARN_NON_LITERAL_NULL_CONVERSION = YES;
				CLANG_WARN_OBJC_IMPLICIT_RETAIN_SELF = YES;
				CLANG_WARN_OBJC_LITERAL_CONVERSION = YES;
				CLANG_WARN_OBJC_ROOT_CLASS = YES_ERROR;
				CLANG_WARN_QUOTED_INCLUDE_IN_FRAMEWORK_HEADER = YES;
				CLANG_WARN_RANGE_LOOP_ANALYSIS = YES;
				CLANG_WARN_STRICT_PROTOTYPES = YES;
				CLANG_WARN_SUSPICIOUS_MOVE = YES;
				CLANG_WARN_UNGUARDED_AVAILABILITY = YES_AGGRESSIVE;
				CLANG_WARN_UNREACHABLE_CODE = YES;
				CLANG_WARN__DUPLICATE_METHOD_MATCH = YES;
				COPY_PHASE_STRIP = NO;
				DEBUG_INFORMATION_FORMAT = "dwarf-with-dsym";
				ENABLE_NS_ASSERTIONS = NO;
				ENABLE_STRICT_OBJC_MSGSEND = YES;
				GCC_C_LANGUAGE_STANDARD = gnu11;
				GCC_NO_COMMON_BLOCKS = YES;
				GCC_WARN_64_TO_32_BIT_CONVERSION = YES;
				GCC_WARN_ABOUT_RETURN_TYPE = YES_ERROR;
				GCC_WARN_UNDECLARED_SELECTOR = YES;
				GCC_WARN_UNINITIALIZED_AUTOS = YES_AGGRESSIVE;
				GCC_WARN_UNUSED_FUNCTION = YES;
				GCC_WARN_UNUSED_VARIABLE = YES;
				MTL_ENABLE_DEBUG_INFO = NO;
				MTL_FAST_MATH = YES;
				SWIFT_COMPILATION_MODE = wholemodule;
				SWIFT_OPTIMIZATION_LEVEL = "-O";
			};
			name = Release;
		};
		ECAFBB9824A4A79D005BF8C8 /* Debug */ = {
			isa = XCBuildConfiguration;
			buildSettings = {
				ASSETCATALOG_COMPILER_APPICON_NAME = AppIcon;
				ASSETCATALOG_COMPILER_GLOBAL_ACCENT_COLOR_NAME = AccentColor;
				CODE_SIGN_STYLE = Automatic;
				DEVELOPMENT_TEAM = HUK6B7UUU2;
				ENABLE_PREVIEWS = YES;
				INFOPLIST_FILE = iOS/Info.plist;
				IPHONEOS_DEPLOYMENT_TARGET = 14.0;
				LD_RUNPATH_SEARCH_PATHS = (
					"$(inherited)",
					"@executable_path/Frameworks",
				);
				PRODUCT_BUNDLE_IDENTIFIER = com.malcolmhall.SplitRegularTabCompact;
				PRODUCT_NAME = SplitRegularTabCompact;
				SDKROOT = iphoneos;
				SWIFT_VERSION = 5.0;
				TARGETED_DEVICE_FAMILY = "1,2";
			};
			name = Debug;
		};
		ECAFBB9924A4A79D005BF8C8 /* Release */ = {
			isa = XCBuildConfiguration;
			buildSettings = {
				ASSETCATALOG_COMPILER_APPICON_NAME = AppIcon;
				ASSETCATALOG_COMPILER_GLOBAL_ACCENT_COLOR_NAME = AccentColor;
				CODE_SIGN_STYLE = Automatic;
				DEVELOPMENT_TEAM = HUK6B7UUU2;
				ENABLE_PREVIEWS = YES;
				INFOPLIST_FILE = iOS/Info.plist;
				IPHONEOS_DEPLOYMENT_TARGET = 14.0;
				LD_RUNPATH_SEARCH_PATHS = (
					"$(inherited)",
					"@executable_path/Frameworks",
				);
				PRODUCT_BUNDLE_IDENTIFIER = com.malcolmhall.SplitRegularTabCompact;
				PRODUCT_NAME = SplitRegularTabCompact;
				SDKROOT = iphoneos;
				SWIFT_VERSION = 5.0;
				TARGETED_DEVICE_FAMILY = "1,2";
				VALIDATE_PRODUCT = YES;
			};
			name = Release;
		};
		ECAFBB9B24A4A79D005BF8C8 /* Debug */ = {
			isa = XCBuildConfiguration;
			buildSettings = {
				ASSETCATALOG_COMPILER_APPICON_NAME = AppIcon;
				ASSETCATALOG_COMPILER_GLOBAL_ACCENT_COLOR_NAME = AccentColor;
				CODE_SIGN_ENTITLEMENTS = macOS/macOS.entitlements;
				CODE_SIGN_STYLE = Automatic;
				COMBINE_HIDPI_IMAGES = YES;
				DEVELOPMENT_TEAM = HUK6B7UUU2;
				ENABLE_HARDENED_RUNTIME = YES;
				ENABLE_PREVIEWS = YES;
				INFOPLIST_FILE = macOS/Info.plist;
				LD_RUNPATH_SEARCH_PATHS = (
					"$(inherited)",
					"@executable_path/../Frameworks",
				);
				MACOSX_DEPLOYMENT_TARGET = 10.16;
				PRODUCT_BUNDLE_IDENTIFIER = com.malcolmhall.Multip;
				PRODUCT_NAME = SplitRegularTabCompact;
				SDKROOT = macosx;
				SWIFT_VERSION = 5.0;
			};
			name = Debug;
		};
		ECAFBB9C24A4A79D005BF8C8 /* Release */ = {
			isa = XCBuildConfiguration;
			buildSettings = {
				ASSETCATALOG_COMPILER_APPICON_NAME = AppIcon;
				ASSETCATALOG_COMPILER_GLOBAL_ACCENT_COLOR_NAME = AccentColor;
				CODE_SIGN_ENTITLEMENTS = macOS/macOS.entitlements;
				CODE_SIGN_STYLE = Automatic;
				COMBINE_HIDPI_IMAGES = YES;
				DEVELOPMENT_TEAM = HUK6B7UUU2;
				ENABLE_HARDENED_RUNTIME = YES;
				ENABLE_PREVIEWS = YES;
				INFOPLIST_FILE = macOS/Info.plist;
				LD_RUNPATH_SEARCH_PATHS = (
					"$(inherited)",
					"@executable_path/../Frameworks",
				);
				MACOSX_DEPLOYMENT_TARGET = 10.16;
				PRODUCT_BUNDLE_IDENTIFIER = com.malcolmhall.Multip;
				PRODUCT_NAME = SplitRegularTabCompact;
				SDKROOT = macosx;
				SWIFT_VERSION = 5.0;
			};
			name = Release;
		};
		ECAFBB9E24A4A79D005BF8C8 /* Debug */ = {
			isa = XCBuildConfiguration;
			buildSettings = {
				ALWAYS_EMBED_SWIFT_STANDARD_LIBRARIES = YES;
				CODE_SIGN_STYLE = Automatic;
				DEVELOPMENT_TEAM = HUK6B7UUU2;
				INFOPLIST_FILE = "Tests iOS/Info.plist";
				IPHONEOS_DEPLOYMENT_TARGET = 14.0;
				LD_RUNPATH_SEARCH_PATHS = (
					"$(inherited)",
					"@executable_path/Frameworks",
					"@loader_path/Frameworks",
				);
				PRODUCT_BUNDLE_IDENTIFIER = "com.malcolmhall.Tests-iOS";
				PRODUCT_NAME = "$(TARGET_NAME)";
				SDKROOT = iphoneos;
				SWIFT_VERSION = 5.0;
				TARGETED_DEVICE_FAMILY = "1,2";
				TEST_TARGET_NAME = iOS;
			};
			name = Debug;
		};
		ECAFBB9F24A4A79D005BF8C8 /* Release */ = {
			isa = XCBuildConfiguration;
			buildSettings = {
				ALWAYS_EMBED_SWIFT_STANDARD_LIBRARIES = YES;
				CODE_SIGN_STYLE = Automatic;
				DEVELOPMENT_TEAM = HUK6B7UUU2;
				INFOPLIST_FILE = "Tests iOS/Info.plist";
				IPHONEOS_DEPLOYMENT_TARGET = 14.0;
				LD_RUNPATH_SEARCH_PATHS = (
					"$(inherited)",
					"@executable_path/Frameworks",
					"@loader_path/Frameworks",
				);
				PRODUCT_BUNDLE_IDENTIFIER = "com.malcolmhall.Tests-iOS";
				PRODUCT_NAME = "$(TARGET_NAME)";
				SDKROOT = iphoneos;
				SWIFT_VERSION = 5.0;
				TARGETED_DEVICE_FAMILY = "1,2";
				TEST_TARGET_NAME = iOS;
				VALIDATE_PRODUCT = YES;
			};
			name = Release;
		};
		ECAFBBA124A4A79D005BF8C8 /* Debug */ = {
			isa = XCBuildConfiguration;
			buildSettings = {
				ALWAYS_EMBED_SWIFT_STANDARD_LIBRARIES = YES;
				CODE_SIGN_STYLE = Automatic;
				COMBINE_HIDPI_IMAGES = YES;
				DEVELOPMENT_TEAM = HUK6B7UUU2;
				INFOPLIST_FILE = "Tests macOS/Info.plist";
				LD_RUNPATH_SEARCH_PATHS = (
					"$(inherited)",
					"@executable_path/../Frameworks",
					"@loader_path/../Frameworks",
				);
				MACOSX_DEPLOYMENT_TARGET = 10.15;
				PRODUCT_BUNDLE_IDENTIFIER = "com.malcolmhall.Tests-macOS";
				PRODUCT_NAME = "$(TARGET_NAME)";
				SDKROOT = macosx;
				SWIFT_VERSION = 5.0;
				TEST_TARGET_NAME = macOS;
			};
			name = Debug;
		};
		ECAFBBA224A4A79D005BF8C8 /* Release */ = {
			isa = XCBuildConfiguration;
			buildSettings = {
				ALWAYS_EMBED_SWIFT_STANDARD_LIBRARIES = YES;
				CODE_SIGN_STYLE = Automatic;
				COMBINE_HIDPI_IMAGES = YES;
				DEVELOPMENT_TEAM = HUK6B7UUU2;
				INFOPLIST_FILE = "Tests macOS/Info.plist";
				LD_RUNPATH_SEARCH_PATHS = (
					"$(inherited)",
					"@executable_path/../Frameworks",
					"@loader_path/../Frameworks",
				);
				MACOSX_DEPLOYMENT_TARGET = 10.15;
				PRODUCT_BUNDLE_IDENTIFIER = "com.malcolmhall.Tests-macOS";
				PRODUCT_NAME = "$(TARGET_NAME)";
				SDKROOT = macosx;
				SWIFT_VERSION = 5.0;
				TEST_TARGET_NAME = macOS;
			};
			name = Release;
		};
/* End XCBuildConfiguration section */

/* Begin XCConfigurationList section */
		ECAFBB6424A4A79B005BF8C8 /* Build configuration list for PBXProject "SplitRegularTabCompact" */ = {
			isa = XCConfigurationList;
			buildConfigurations = (
				ECAFBB9524A4A79D005BF8C8 /* Debug */,
				ECAFBB9624A4A79D005BF8C8 /* Release */,
			);
			defaultConfigurationIsVisible = 0;
			defaultConfigurationName = Release;
		};
		ECAFBB9724A4A79D005BF8C8 /* Build configuration list for PBXNativeTarget "iOS" */ = {
			isa = XCConfigurationList;
			buildConfigurations = (
				ECAFBB9824A4A79D005BF8C8 /* Debug */,
				ECAFBB9924A4A79D005BF8C8 /* Release */,
			);
			defaultConfigurationIsVisible = 0;
			defaultConfigurationName = Release;
		};
		ECAFBB9A24A4A79D005BF8C8 /* Build configuration list for PBXNativeTarget "macOS" */ = {
			isa = XCConfigurationList;
			buildConfigurations = (
				ECAFBB9B24A4A79D005BF8C8 /* Debug */,
				ECAFBB9C24A4A79D005BF8C8 /* Release */,
			);
			defaultConfigurationIsVisible = 0;
			defaultConfigurationName = Release;
		};
		ECAFBB9D24A4A79D005BF8C8 /* Build configuration list for PBXNativeTarget "Tests iOS" */ = {
			isa = XCConfigurationList;
			buildConfigurations = (
				ECAFBB9E24A4A79D005BF8C8 /* Debug */,
				ECAFBB9F24A4A79D005BF8C8 /* Release */,
			);
			defaultConfigurationIsVisible = 0;
			defaultConfigurationName = Release;
		};
		ECAFBBA024A4A79D005BF8C8 /* Build configuration list for PBXNativeTarget "Tests macOS" */ = {
			isa = XCConfigurationList;
			buildConfigurations = (
				ECAFBBA124A4A79D005BF8C8 /* Debug */,
				ECAFBBA224A4A79D005BF8C8 /* Release */,
			);
			defaultConfigurationIsVisible = 0;
			defaultConfigurationName = Release;
		};
/* End XCConfigurationList section */
	};
	rootObject = ECAFBB6124A4A79B005BF8C8 /* Project object */;
}
